
Microsoft Visual Studio Solution File, Format Version 12.00
# Visual Studio Version 16
VisualStudioVersion = 16.0.31205.134
MinimumVisualStudioVersion = 10.0.40219.1
Project("{FAE04EC0-301F-11D3-BF4B-00C04F79EFBC}") = "CA3_S00209014_Final", "CA3_S00209014_Final\CA3_S00209014_Final.csproj", "{D6797E08-8A15-4D07-88F7-1DC37DFA3B71}"
EndProject
Global
	GlobalSection(SolutionConfigurationPlatforms) = preSolution
		Debug|Any CPU = Debug|Any CPU
		Release|Any CPU = Release|Any CPU
	EndGlobalSection
	GlobalSection(ProjectConfigurationPlatforms) = postSolution
		{D6797E08-8A15-4D07-88F7-1DC37DFA3B71}.Debug|Any CPU.ActiveCfg = Debug|Any CPU
		{D6797E08-8A15-4D07-88F7-1DC37DFA3B71}.Debug|Any CPU.Build.0 = Debug|Any CPU
		{D6797E08-8A15-4D07-88F7-1DC37DFA3B71}.Release|Any CPU.ActiveCfg = Release|Any CPU
		{D6797E08-8A15-4D07-88F7-1DC37DFA3B71}.Release|Any CPU.Build.0 = Release|Any CPU
	EndGlobalSection
	GlobalSection(SolutionProperties) = preSolution
		HideSolutionNode = FALSE
	EndGlobalSection
	GlobalSection(ExtensibilityGlobals) = postSolution
		SolutionGuid = {5410E44C-DC32-41EF-84E6-44222D233889}
	EndGlobalSection
EndGlobal
